// !$*UTF8*$!
{
	archiveVersion = 1;
	classes = {
	};
	objectVersion = 48;
	objects = {

/* Begin PBXBuildFile section */
		1720650316D8FB01DA730AD4 /* Pods_demoTests.framework in Frameworks */ = {isa = PBXBuildFile; fileRef = 9FB6D1A50F51DB906336DAC2 /* Pods_demoTests.framework */; };
		488D917D1FE3FF26001989E1 /* AppDelegate.swift in Sources */ = {isa = PBXBuildFile; fileRef = 488D917C1FE3FF26001989E1 /* AppDelegate.swift */; };
		488D917F1FE3FF26001989E1 /* FirstViewController.swift in Sources */ = {isa = PBXBuildFile; fileRef = 488D917E1FE3FF26001989E1 /* FirstViewController.swift */; };
		488D91811FE3FF26001989E1 /* SecondViewController.swift in Sources */ = {isa = PBXBuildFile; fileRef = 488D91801FE3FF26001989E1 /* SecondViewController.swift */; };
		488D91841FE3FF26001989E1 /* Main.storyboard in Resources */ = {isa = PBXBuildFile; fileRef = 488D91821FE3FF26001989E1 /* Main.storyboard */; };
		488D91861FE3FF26001989E1 /* Assets.xcassets in Resources */ = {isa = PBXBuildFile; fileRef = 488D91851FE3FF26001989E1 /* Assets.xcassets */; };
		488D91891FE3FF26001989E1 /* LaunchScreen.storyboard in Resources */ = {isa = PBXBuildFile; fileRef = 488D91871FE3FF26001989E1 /* LaunchScreen.storyboard */; };
		488D91941FE3FF26001989E1 /* demoTests.swift in Sources */ = {isa = PBXBuildFile; fileRef = 488D91931FE3FF26001989E1 /* demoTests.swift */; };
		488D919F1FE3FF26001989E1 /* demoUITests.swift in Sources */ = {isa = PBXBuildFile; fileRef = 488D919E1FE3FF26001989E1 /* demoUITests.swift */; };
		CD8A0B2C33280B775882A181 /* Pods_demo.framework in Frameworks */ = {isa = PBXBuildFile; fileRef = 63CC71B99BF2B8C51BB356F0 /* Pods_demo.framework */; };
		F91FDABEB6254265F3304BB8 /* Pods_demoUITests.framework in Frameworks */ = {isa = PBXBuildFile; fileRef = 3FF9405F3EE304F05E013284 /* Pods_demoUITests.framework */; };
/* End PBXBuildFile section */

/* Begin PBXContainerItemProxy section */
		488D91901FE3FF26001989E1 /* PBXContainerItemProxy */ = {
			isa = PBXContainerItemProxy;
			containerPortal = 488D91711FE3FF26001989E1 /* Project object */;
			proxyType = 1;
			remoteGlobalIDString = 488D91781FE3FF26001989E1;
			remoteInfo = demo;
		};
		488D919B1FE3FF26001989E1 /* PBXContainerItemProxy */ = {
			isa = PBXContainerItemProxy;
			containerPortal = 488D91711FE3FF26001989E1 /* Project object */;
			proxyType = 1;
			remoteGlobalIDString = 488D91781FE3FF26001989E1;
			remoteInfo = demo;
		};
/* End PBXContainerItemProxy section */

/* Begin PBXFileReference section */
		3FF9405F3EE304F05E013284 /* Pods_demoUITests.framework */ = {isa = PBXFileReference; explicitFileType = wrapper.framework; includeInIndex = 0; path = Pods_demoUITests.framework; sourceTree = BUILT_PRODUCTS_DIR; };
		488D91791FE3FF26001989E1 /* demo.app */ = {isa = PBXFileReference; explicitFileType = wrapper.application; includeInIndex = 0; path = demo.app; sourceTree = BUILT_PRODUCTS_DIR; };
		488D917C1FE3FF26001989E1 /* AppDelegate.swift */ = {isa = PBXFileReference; lastKnownFileType = sourcecode.swift; path = AppDelegate.swift; sourceTree = "<group>"; };
		488D917E1FE3FF26001989E1 /* FirstViewController.swift */ = {isa = PBXFileReference; lastKnownFileType = sourcecode.swift; path = FirstViewController.swift; sourceTree = "<group>"; };
		488D91801FE3FF26001989E1 /* SecondViewController.swift */ = {isa = PBXFileReference; lastKnownFileType = sourcecode.swift; path = SecondViewController.swift; sourceTree = "<group>"; };
		488D91831FE3FF26001989E1 /* Base */ = {isa = PBXFileReference; lastKnownFileType = file.storyboard; name = Base; path = Base.lproj/Main.storyboard; sourceTree = "<group>"; };
		488D91851FE3FF26001989E1 /* Assets.xcassets */ = {isa = PBXFileReference; lastKnownFileType = folder.assetcatalog; path = Assets.xcassets; sourceTree = "<group>"; };
		488D91881FE3FF26001989E1 /* Base */ = {isa = PBXFileReference; lastKnownFileType = file.storyboard; name = Base; path = Base.lproj/LaunchScreen.storyboard; sourceTree = "<group>"; };
		488D918A1FE3FF26001989E1 /* Info.plist */ = {isa = PBXFileReference; lastKnownFileType = text.plist.xml; path = Info.plist; sourceTree = "<group>"; };
		488D918F1FE3FF26001989E1 /* demoTests.xctest */ = {isa = PBXFileReference; explicitFileType = wrapper.cfbundle; includeInIndex = 0; path = demoTests.xctest; sourceTree = BUILT_PRODUCTS_DIR; };
		488D91931FE3FF26001989E1 /* demoTests.swift */ = {isa = PBXFileReference; lastKnownFileType = sourcecode.swift; path = demoTests.swift; sourceTree = "<group>"; };
		488D91951FE3FF26001989E1 /* Info.plist */ = {isa = PBXFileReference; lastKnownFileType = text.plist.xml; path = Info.plist; sourceTree = "<group>"; };
		488D919A1FE3FF26001989E1 /* demoUITests.xctest */ = {isa = PBXFileReference; explicitFileType = wrapper.cfbundle; includeInIndex = 0; path = demoUITests.xctest; sourceTree = BUILT_PRODUCTS_DIR; };
		488D919E1FE3FF26001989E1 /* demoUITests.swift */ = {isa = PBXFileReference; lastKnownFileType = sourcecode.swift; path = demoUITests.swift; sourceTree = "<group>"; };
		488D91A01FE3FF26001989E1 /* Info.plist */ = {isa = PBXFileReference; lastKnownFileType = text.plist.xml; path = Info.plist; sourceTree = "<group>"; };
		63CC71B99BF2B8C51BB356F0 /* Pods_demo.framework */ = {isa = PBXFileReference; explicitFileType = wrapper.framework; includeInIndex = 0; path = Pods_demo.framework; sourceTree = BUILT_PRODUCTS_DIR; };
		6FB8074BD0E189997FF3CB51 /* Pods-demoTests.release.xcconfig */ = {isa = PBXFileReference; includeInIndex = 1; lastKnownFileType = text.xcconfig; name = "Pods-demoTests.release.xcconfig"; path = "Pods/Target Support Files/Pods-demoTests/Pods-demoTests.release.xcconfig"; sourceTree = "<group>"; };
		8330A8214E7D58E6D8CF5F29 /* Pods-demoTests.debug.xcconfig */ = {isa = PBXFileReference; includeInIndex = 1; lastKnownFileType = text.xcconfig; name = "Pods-demoTests.debug.xcconfig"; path = "Pods/Target Support Files/Pods-demoTests/Pods-demoTests.debug.xcconfig"; sourceTree = "<group>"; };
		9B25AB871788D109B54F44E7 /* Pods-demoUITests.debug.xcconfig */ = {isa = PBXFileReference; includeInIndex = 1; lastKnownFileType = text.xcconfig; name = "Pods-demoUITests.debug.xcconfig"; path = "Pods/Target Support Files/Pods-demoUITests/Pods-demoUITests.debug.xcconfig"; sourceTree = "<group>"; };
		9FB6D1A50F51DB906336DAC2 /* Pods_demoTests.framework */ = {isa = PBXFileReference; explicitFileType = wrapper.framework; includeInIndex = 0; path = Pods_demoTests.framework; sourceTree = BUILT_PRODUCTS_DIR; };
		A0A68D413CD5575A46A32AA1 /* Pods-demo.debug.xcconfig */ = {isa = PBXFileReference; includeInIndex = 1; lastKnownFileType = text.xcconfig; name = "Pods-demo.debug.xcconfig"; path = "Pods/Target Support Files/Pods-demo/Pods-demo.debug.xcconfig"; sourceTree = "<group>"; };
		A8589491146A4F3F267CE5CE /* Pods-demoUITests.release.xcconfig */ = {isa = PBXFileReference; includeInIndex = 1; lastKnownFileType = text.xcconfig; name = "Pods-demoUITests.release.xcconfig"; path = "Pods/Target Support Files/Pods-demoUITests/Pods-demoUITests.release.xcconfig"; sourceTree = "<group>"; };
		B3DC4E51B73FEE1123560BFE /* Pods-demo.release.xcconfig */ = {isa = PBXFileReference; includeInIndex = 1; lastKnownFileType = text.xcconfig; name = "Pods-demo.release.xcconfig"; path = "Pods/Target Support Files/Pods-demo/Pods-demo.release.xcconfig"; sourceTree = "<group>"; };
/* End PBXFileReference section */

/* Begin PBXFrameworksBuildPhase section */
		488D91761FE3FF26001989E1 /* Frameworks */ = {
			isa = PBXFrameworksBuildPhase;
			buildActionMask = 2147483647;
			files = (
				CD8A0B2C33280B775882A181 /* Pods_demo.framework in Frameworks */,
			);
			runOnlyForDeploymentPostprocessing = 0;
		};
		488D918C1FE3FF26001989E1 /* Frameworks */ = {
			isa = PBXFrameworksBuildPhase;
			buildActionMask = 2147483647;
			files = (
				1720650316D8FB01DA730AD4 /* Pods_demoTests.framework in Frameworks */,
			);
			runOnlyForDeploymentPostprocessing = 0;
		};
		488D91971FE3FF26001989E1 /* Frameworks */ = {
			isa = PBXFrameworksBuildPhase;
			buildActionMask = 2147483647;
			files = (
				F91FDABEB6254265F3304BB8 /* Pods_demoUITests.framework in Frameworks */,
			);
			runOnlyForDeploymentPostprocessing = 0;
		};
/* End PBXFrameworksBuildPhase section */

/* Begin PBXGroup section */
		06CBCFDDB5A74807008557B4 /* Pods */ = {
			isa = PBXGroup;
			children = (
				A0A68D413CD5575A46A32AA1 /* Pods-demo.debug.xcconfig */,
				B3DC4E51B73FEE1123560BFE /* Pods-demo.release.xcconfig */,
				8330A8214E7D58E6D8CF5F29 /* Pods-demoTests.debug.xcconfig */,
				6FB8074BD0E189997FF3CB51 /* Pods-demoTests.release.xcconfig */,
				9B25AB871788D109B54F44E7 /* Pods-demoUITests.debug.xcconfig */,
				A8589491146A4F3F267CE5CE /* Pods-demoUITests.release.xcconfig */,
			);
			name = Pods;
			sourceTree = "<group>";
		};
		488D91701FE3FF26001989E1 = {
			isa = PBXGroup;
			children = (
				488D917B1FE3FF26001989E1 /* demo */,
				488D91921FE3FF26001989E1 /* demoTests */,
				488D919D1FE3FF26001989E1 /* demoUITests */,
				488D917A1FE3FF26001989E1 /* Products */,
				06CBCFDDB5A74807008557B4 /* Pods */,
				DB7FF637FCC69906A9A0AEA3 /* Frameworks */,
			);
			sourceTree = "<group>";
		};
		488D917A1FE3FF26001989E1 /* Products */ = {
			isa = PBXGroup;
			children = (
				488D91791FE3FF26001989E1 /* demo.app */,
				488D918F1FE3FF26001989E1 /* demoTests.xctest */,
				488D919A1FE3FF26001989E1 /* demoUITests.xctest */,
			);
			name = Products;
			sourceTree = "<group>";
		};
		488D917B1FE3FF26001989E1 /* demo */ = {
			isa = PBXGroup;
			children = (
				488D917C1FE3FF26001989E1 /* AppDelegate.swift */,
				488D917E1FE3FF26001989E1 /* FirstViewController.swift */,
				488D91801FE3FF26001989E1 /* SecondViewController.swift */,
				488D91821FE3FF26001989E1 /* Main.storyboard */,
				488D91851FE3FF26001989E1 /* Assets.xcassets */,
				488D91871FE3FF26001989E1 /* LaunchScreen.storyboard */,
				488D918A1FE3FF26001989E1 /* Info.plist */,
			);
			path = demo;
			sourceTree = "<group>";
		};
		488D91921FE3FF26001989E1 /* demoTests */ = {
			isa = PBXGroup;
			children = (
				488D91931FE3FF26001989E1 /* demoTests.swift */,
				488D91951FE3FF26001989E1 /* Info.plist */,
			);
			path = demoTests;
			sourceTree = "<group>";
		};
		488D919D1FE3FF26001989E1 /* demoUITests */ = {
			isa = PBXGroup;
			children = (
				488D919E1FE3FF26001989E1 /* demoUITests.swift */,
				488D91A01FE3FF26001989E1 /* Info.plist */,
			);
			path = demoUITests;
			sourceTree = "<group>";
		};
		DB7FF637FCC69906A9A0AEA3 /* Frameworks */ = {
			isa = PBXGroup;
			children = (
				63CC71B99BF2B8C51BB356F0 /* Pods_demo.framework */,
				9FB6D1A50F51DB906336DAC2 /* Pods_demoTests.framework */,
				3FF9405F3EE304F05E013284 /* Pods_demoUITests.framework */,
			);
			name = Frameworks;
			sourceTree = "<group>";
		};
/* End PBXGroup section */

/* Begin PBXNativeTarget section */
		488D91781FE3FF26001989E1 /* demo */ = {
			isa = PBXNativeTarget;
			buildConfigurationList = 488D91A31FE3FF26001989E1 /* Build configuration list for PBXNativeTarget "demo" */;
			buildPhases = (
				DC0CB7793D94BE2184A70ECE /* [CP] Check Pods Manifest.lock */,
				488D91751FE3FF26001989E1 /* Sources */,
				488D91761FE3FF26001989E1 /* Frameworks */,
				488D91771FE3FF26001989E1 /* Resources */,
				200BCF82532E750E68E93C27 /* [CP] Embed Pods Frameworks */,
				55346AAA797ABAB4BE1EEC40 /* [CP] Copy Pods Resources */,
			);
			buildRules = (
			);
			dependencies = (
			);
			name = demo;
			productName = demo;
			productReference = 488D91791FE3FF26001989E1 /* demo.app */;
			productType = "com.apple.product-type.application";
		};
		488D918E1FE3FF26001989E1 /* demoTests */ = {
			isa = PBXNativeTarget;
			buildConfigurationList = 488D91A61FE3FF26001989E1 /* Build configuration list for PBXNativeTarget "demoTests" */;
			buildPhases = (
				394A1C1FB9513C21C156B4FE /* [CP] Check Pods Manifest.lock */,
				488D918B1FE3FF26001989E1 /* Sources */,
				488D918C1FE3FF26001989E1 /* Frameworks */,
				488D918D1FE3FF26001989E1 /* Resources */,
				0DF0F71D628D305F7F6D6545 /* [CP] Embed Pods Frameworks */,
				2D99E1AC6F740D1CFFB9F450 /* [CP] Copy Pods Resources */,
			);
			buildRules = (
			);
			dependencies = (
				488D91911FE3FF26001989E1 /* PBXTargetDependency */,
			);
			name = demoTests;
			productName = demoTests;
			productReference = 488D918F1FE3FF26001989E1 /* demoTests.xctest */;
			productType = "com.apple.product-type.bundle.unit-test";
		};
		488D91991FE3FF26001989E1 /* demoUITests */ = {
			isa = PBXNativeTarget;
			buildConfigurationList = 488D91A91FE3FF26001989E1 /* Build configuration list for PBXNativeTarget "demoUITests" */;
			buildPhases = (
				ABC5B87B53FDDBD7E92E9CF8 /* [CP] Check Pods Manifest.lock */,
				488D91961FE3FF26001989E1 /* Sources */,
				488D91971FE3FF26001989E1 /* Frameworks */,
				488D91981FE3FF26001989E1 /* Resources */,
				CFB6D6E2272DB77F3CB70383 /* [CP] Embed Pods Frameworks */,
				C67565A5AAE0F9C9E797A0DB /* [CP] Copy Pods Resources */,
			);
			buildRules = (
			);
			dependencies = (
				488D919C1FE3FF26001989E1 /* PBXTargetDependency */,
			);
			name = demoUITests;
			productName = demoUITests;
			productReference = 488D919A1FE3FF26001989E1 /* demoUITests.xctest */;
			productType = "com.apple.product-type.bundle.ui-testing";
		};
/* End PBXNativeTarget section */

/* Begin PBXProject section */
		488D91711FE3FF26001989E1 /* Project object */ = {
			isa = PBXProject;
			attributes = {
				LastSwiftUpdateCheck = 0910;
				LastUpgradeCheck = 0910;
				ORGANIZATIONNAME = sheng00;
				TargetAttributes = {
					488D91781FE3FF26001989E1 = {
						CreatedOnToolsVersion = 9.1;
						ProvisioningStyle = Automatic;
					};
					488D918E1FE3FF26001989E1 = {
						CreatedOnToolsVersion = 9.1;
						ProvisioningStyle = Automatic;
						TestTargetID = 488D91781FE3FF26001989E1;
					};
					488D91991FE3FF26001989E1 = {
						CreatedOnToolsVersion = 9.1;
						ProvisioningStyle = Automatic;
						TestTargetID = 488D91781FE3FF26001989E1;
					};
				};
			};
			buildConfigurationList = 488D91741FE3FF26001989E1 /* Build configuration list for PBXProject "demo" */;
			compatibilityVersion = "Xcode 8.0";
			developmentRegion = en;
			hasScannedForEncodings = 0;
			knownRegions = (
				en,
				Base,
			);
			mainGroup = 488D91701FE3FF26001989E1;
			productRefGroup = 488D917A1FE3FF26001989E1 /* Products */;
			projectDirPath = "";
			projectRoot = "";
			targets = (
				488D91781FE3FF26001989E1 /* demo */,
				488D918E1FE3FF26001989E1 /* demoTests */,
				488D91991FE3FF26001989E1 /* demoUITests */,
			);
		};
/* End PBXProject section */

/* Begin PBXResourcesBuildPhase section */
		488D91771FE3FF26001989E1 /* Resources */ = {
			isa = PBXResourcesBuildPhase;
			buildActionMask = 2147483647;
			files = (
				488D91891FE3FF26001989E1 /* LaunchScreen.storyboard in Resources */,
				488D91861FE3FF26001989E1 /* Assets.xcassets in Resources */,
				488D91841FE3FF26001989E1 /* Main.storyboard in Resources */,
			);
			runOnlyForDeploymentPostprocessing = 0;
		};
		488D918D1FE3FF26001989E1 /* Resources */ = {
			isa = PBXResourcesBuildPhase;
			buildActionMask = 2147483647;
			files = (
			);
			runOnlyForDeploymentPostprocessing = 0;
		};
		488D91981FE3FF26001989E1 /* Resources */ = {
			isa = PBXResourcesBuildPhase;
			buildActionMask = 2147483647;
			files = (
			);
			runOnlyForDeploymentPostprocessing = 0;
		};
/* End PBXResourcesBuildPhase section */

/* Begin PBXShellScriptBuildPhase section */
		0DF0F71D628D305F7F6D6545 /* [CP] Embed Pods Frameworks */ = {
			isa = PBXShellScriptBuildPhase;
			buildActionMask = 2147483647;
			files = (
			);
			inputPaths = (
			);
			name = "[CP] Embed Pods Frameworks";
			outputPaths = (
			);
			runOnlyForDeploymentPostprocessing = 0;
			shellPath = /bin/sh;
			shellScript = "\"${SRCROOT}/Pods/Target Support Files/Pods-demoTests/Pods-demoTests-frameworks.sh\"\n";
			showEnvVarsInLog = 0;
		};
		200BCF82532E750E68E93C27 /* [CP] Embed Pods Frameworks */ = {
			isa = PBXShellScriptBuildPhase;
			buildActionMask = 2147483647;
			files = (
			);
			inputPaths = (
				"${SRCROOT}/Pods/Target Support Files/Pods-demo/Pods-demo-frameworks.sh",
				"${BUILT_PRODUCTS_DIR}/DoubleConversion/DoubleConversion.framework",
				"${BUILT_PRODUCTS_DIR}/Folly/folly.framework",
				"${BUILT_PRODUCTS_DIR}/GLog/glog.framework",
				"${BUILT_PRODUCTS_DIR}/React/React.framework",
				"${BUILT_PRODUCTS_DIR}/yoga/yoga.framework",
			);
			name = "[CP] Embed Pods Frameworks";
			outputPaths = (
				"${TARGET_BUILD_DIR}/${FRAMEWORKS_FOLDER_PATH}/DoubleConversion.framework",
				"${TARGET_BUILD_DIR}/${FRAMEWORKS_FOLDER_PATH}/folly.framework",
				"${TARGET_BUILD_DIR}/${FRAMEWORKS_FOLDER_PATH}/glog.framework",
				"${TARGET_BUILD_DIR}/${FRAMEWORKS_FOLDER_PATH}/React.framework",
				"${TARGET_BUILD_DIR}/${FRAMEWORKS_FOLDER_PATH}/yoga.framework",
			);
			runOnlyForDeploymentPostprocessing = 0;
			shellPath = /bin/sh;
			shellScript = "\"${SRCROOT}/Pods/Target Support Files/Pods-demo/Pods-demo-frameworks.sh\"\n";
			showEnvVarsInLog = 0;
		};
		2D99E1AC6F740D1CFFB9F450 /* [CP] Copy Pods Resources */ = {
			isa = PBXShellScriptBuildPhase;
			buildActionMask = 2147483647;
			files = (
			);
			inputPaths = (
			);
			name = "[CP] Copy Pods Resources";
			outputPaths = (
			);
			runOnlyForDeploymentPostprocessing = 0;
			shellPath = /bin/sh;
			shellScript = "\"${SRCROOT}/Pods/Target Support Files/Pods-demoTests/Pods-demoTests-resources.sh\"\n";
			showEnvVarsInLog = 0;
		};
		394A1C1FB9513C21C156B4FE /* [CP] Check Pods Manifest.lock */ = {
			isa = PBXShellScriptBuildPhase;
			buildActionMask = 2147483647;
			files = (
			);
			inputPaths = (
				"${PODS_PODFILE_DIR_PATH}/Podfile.lock",
				"${PODS_ROOT}/Manifest.lock",
			);
			name = "[CP] Check Pods Manifest.lock";
			outputPaths = (
				"$(DERIVED_FILE_DIR)/Pods-demoTests-checkManifestLockResult.txt",
			);
			runOnlyForDeploymentPostprocessing = 0;
			shellPath = /bin/sh;
			shellScript = "diff \"${PODS_PODFILE_DIR_PATH}/Podfile.lock\" \"${PODS_ROOT}/Manifest.lock\" > /dev/null\nif [ $? != 0 ] ; then\n    # print error to STDERR\n    echo \"error: The sandbox is not in sync with the Podfile.lock. Run 'pod install' or update your CocoaPods installation.\" >&2\n    exit 1\nfi\n# This output is used by Xcode 'outputs' to avoid re-running this script phase.\necho \"SUCCESS\" > \"${SCRIPT_OUTPUT_FILE_0}\"\n";
			showEnvVarsInLog = 0;
		};
		55346AAA797ABAB4BE1EEC40 /* [CP] Copy Pods Resources */ = {
			isa = PBXShellScriptBuildPhase;
			buildActionMask = 2147483647;
			files = (
			);
			inputPaths = (
			);
			name = "[CP] Copy Pods Resources";
			outputPaths = (
			);
			runOnlyForDeploymentPostprocessing = 0;
			shellPath = /bin/sh;
			shellScript = "\"${SRCROOT}/Pods/Target Support Files/Pods-demo/Pods-demo-resources.sh\"\n";
			showEnvVarsInLog = 0;
		};
		ABC5B87B53FDDBD7E92E9CF8 /* [CP] Check Pods Manifest.lock */ = {
			isa = PBXShellScriptBuildPhase;
			buildActionMask = 2147483647;
			files = (
			);
			inputPaths = (
				"${PODS_PODFILE_DIR_PATH}/Podfile.lock",
				"${PODS_ROOT}/Manifest.lock",
			);
			name = "[CP] Check Pods Manifest.lock";
			outputPaths = (
				"$(DERIVED_FILE_DIR)/Pods-demoUITests-checkManifestLockResult.txt",
			);
			runOnlyForDeploymentPostprocessing = 0;
			shellPath = /bin/sh;
			shellScript = "diff \"${PODS_PODFILE_DIR_PATH}/Podfile.lock\" \"${PODS_ROOT}/Manifest.lock\" > /dev/null\nif [ $? != 0 ] ; then\n    # print error to STDERR\n    echo \"error: The sandbox is not in sync with the Podfile.lock. Run 'pod install' or update your CocoaPods installation.\" >&2\n    exit 1\nfi\n# This output is used by Xcode 'outputs' to avoid re-running this script phase.\necho \"SUCCESS\" > \"${SCRIPT_OUTPUT_FILE_0}\"\n";
			showEnvVarsInLog = 0;
		};
		C67565A5AAE0F9C9E797A0DB /* [CP] Copy Pods Resources */ = {
			isa = PBXShellScriptBuildPhase;
			buildActionMask = 2147483647;
			files = (
			);
			inputPaths = (
			);
			name = "[CP] Copy Pods Resources";
			outputPaths = (
			);
			runOnlyForDeploymentPostprocessing = 0;
			shellPath = /bin/sh;
			shellScript = "\"${SRCROOT}/Pods/Target Support Files/Pods-demoUITests/Pods-demoUITests-resources.sh\"\n";
			showEnvVarsInLog = 0;
		};
		CFB6D6E2272DB77F3CB70383 /* [CP] Embed Pods Frameworks */ = {
			isa = PBXShellScriptBuildPhase;
			buildActionMask = 2147483647;
			files = (
			);
			inputPaths = (
			);
			name = "[CP] Embed Pods Frameworks";
			outputPaths = (
			);
			runOnlyForDeploymentPostprocessing = 0;
			shellPath = /bin/sh;
			shellScript = "\"${SRCROOT}/Pods/Target Support Files/Pods-demoUITests/Pods-demoUITests-frameworks.sh\"\n";
			showEnvVarsInLog = 0;
		};
		DC0CB7793D94BE2184A70ECE /* [CP] Check Pods Manifest.lock */ = {
			isa = PBXShellScriptBuildPhase;
			buildActionMask = 2147483647;
			files = (
			);
			inputPaths = (
				"${PODS_PODFILE_DIR_PATH}/Podfile.lock",
				"${PODS_ROOT}/Manifest.lock",
			);
			name = "[CP] Check Pods Manifest.lock";
			outputPaths = (
				"$(DERIVED_FILE_DIR)/Pods-demo-checkManifestLockResult.txt",
			);
			runOnlyForDeploymentPostprocessing = 0;
			shellPath = /bin/sh;
			shellScript = "diff \"${PODS_PODFILE_DIR_PATH}/Podfile.lock\" \"${PODS_ROOT}/Manifest.lock\" > /dev/null\nif [ $? != 0 ] ; then\n    # print error to STDERR\n    echo \"error: The sandbox is not in sync with the Podfile.lock. Run 'pod install' or update your CocoaPods installation.\" >&2\n    exit 1\nfi\n# This output is used by Xcode 'outputs' to avoid re-running this script phase.\necho \"SUCCESS\" > \"${SCRIPT_OUTPUT_FILE_0}\"\n";
			showEnvVarsInLog = 0;
		};
/* End PBXShellScriptBuildPhase section */

/* Begin PBXSourcesBuildPhase section */
		488D91751FE3FF26001989E1 /* Sources */ = {
			isa = PBXSourcesBuildPhase;
			buildActionMask = 2147483647;
			files = (
				488D91811FE3FF26001989E1 /* SecondViewController.swift in Sources */,
				488D917D1FE3FF26001989E1 /* AppDelegate.swift in Sources */,
				488D917F1FE3FF26001989E1 /* FirstViewController.swift in Sources */,
			);
			runOnlyForDeploymentPostprocessing = 0;
		};
		488D918B1FE3FF26001989E1 /* Sources */ = {
			isa = PBXSourcesBuildPhase;
			buildActionMask = 2147483647;
			files = (
				488D91941FE3FF26001989E1 /* demoTests.swift in Sources */,
			);
			runOnlyForDeploymentPostprocessing = 0;
		};
		488D91961FE3FF26001989E1 /* Sources */ = {
			isa = PBXSourcesBuildPhase;
			buildActionMask = 2147483647;
			files = (
				488D919F1FE3FF26001989E1 /* demoUITests.swift in Sources */,
			);
			runOnlyForDeploymentPostprocessing = 0;
		};
/* End PBXSourcesBuildPhase section */

/* Begin PBXTargetDependency section */
		488D91911FE3FF26001989E1 /* PBXTargetDependency */ = {
			isa = PBXTargetDependency;
			target = 488D91781FE3FF26001989E1 /* demo */;
			targetProxy = 488D91901FE3FF26001989E1 /* PBXContainerItemProxy */;
		};
		488D919C1FE3FF26001989E1 /* PBXTargetDependency */ = {
			isa = PBXTargetDependency;
			target = 488D91781FE3FF26001989E1 /* demo */;
			targetProxy = 488D919B1FE3FF26001989E1 /* PBXContainerItemProxy */;
		};
/* End PBXTargetDependency section */

/* Begin PBXVariantGroup section */
		488D91821FE3FF26001989E1 /* Main.storyboard */ = {
			isa = PBXVariantGroup;
			children = (
				488D91831FE3FF26001989E1 /* Base */,
			);
			name = Main.storyboard;
			sourceTree = "<group>";
		};
		488D91871FE3FF26001989E1 /* LaunchScreen.storyboard */ = {
			isa = PBXVariantGroup;
			children = (
				488D91881FE3FF26001989E1 /* Base */,
			);
			name = LaunchScreen.storyboard;
			sourceTree = "<group>";
		};
/* End PBXVariantGroup section */

/* Begin XCBuildConfiguration section */
		488D91A11FE3FF26001989E1 /* Debug */ = {
			isa = XCBuildConfiguration;
			buildSettings = {
				ALWAYS_SEARCH_USER_PATHS = NO;
				CLANG_ANALYZER_NONNULL = YES;
				CLANG_ANALYZER_NUMBER_OBJECT_CONVERSION = YES_AGGRESSIVE;
				CLANG_CXX_LANGUAGE_STANDARD = "gnu++14";
				CLANG_CXX_LIBRARY = "libc++";
				CLANG_ENABLE_MODULES = YES;
				CLANG_ENABLE_OBJC_ARC = YES;
				CLANG_WARN_BLOCK_CAPTURE_AUTORELEASING = YES;
				CLANG_WARN_BOOL_CONVERSION = YES;
				CLANG_WARN_COMMA = YES;
				CLANG_WARN_CONSTANT_CONVERSION = YES;
				CLANG_WARN_DIRECT_OBJC_ISA_USAGE = YES_ERROR;
				CLANG_WARN_DOCUMENTATION_COMMENTS = YES;
				CLANG_WARN_EMPTY_BODY = YES;
				CLANG_WARN_ENUM_CONVERSION = YES;
				CLANG_WARN_INFINITE_RECURSION = YES;
				CLANG_WARN_INT_CONVERSION = YES;
				CLANG_WARN_NON_LITERAL_NULL_CONVERSION = YES;
				CLANG_WARN_OBJC_LITERAL_CONVERSION = YES;
				CLANG_WARN_OBJC_ROOT_CLASS = YES_ERROR;
				CLANG_WARN_RANGE_LOOP_ANALYSIS = YES;
				CLANG_WARN_STRICT_PROTOTYPES = YES;
				CLANG_WARN_SUSPICIOUS_MOVE = YES;
				CLANG_WARN_UNGUARDED_AVAILABILITY = YES_AGGRESSIVE;
				CLANG_WARN_UNREACHABLE_CODE = YES;
				CLANG_WARN__DUPLICATE_METHOD_MATCH = YES;
				CODE_SIGN_IDENTITY = "iPhone Developer";
				COPY_PHASE_STRIP = NO;
				DEBUG_INFORMATION_FORMAT = dwarf;
				ENABLE_STRICT_OBJC_MSGSEND = YES;
				ENABLE_TESTABILITY = YES;
				GCC_C_LANGUAGE_STANDARD = gnu11;
				GCC_DYNAMIC_NO_PIC = NO;
				GCC_NO_COMMON_BLOCKS = YES;
				GCC_OPTIMIZATION_LEVEL = 0;
				GCC_PREPROCESSOR_DEFINITIONS = (
					"DEBUG=1",
					"$(inherited)",
				);
				GCC_WARN_64_TO_32_BIT_CONVERSION = YES;
				GCC_WARN_ABOUT_RETURN_TYPE = YES_ERROR;
				GCC_WARN_UNDECLARED_SELECTOR = YES;
				GCC_WARN_UNINITIALIZED_AUTOS = YES_AGGRESSIVE;
				GCC_WARN_UNUSED_FUNCTION = YES;
				GCC_WARN_UNUSED_VARIABLE = YES;
				IPHONEOS_DEPLOYMENT_TARGET = 11.1;
				MTL_ENABLE_DEBUG_INFO = YES;
				ONLY_ACTIVE_ARCH = YES;
				SDKROOT = iphoneos;
				SWIFT_ACTIVE_COMPILATION_CONDITIONS = DEBUG;
				SWIFT_OPTIMIZATION_LEVEL = "-Onone";
			};
			name = Debug;
		};
		488D91A21FE3FF26001989E1 /* Release */ = {
			isa = XCBuildConfiguration;
			buildSettings = {
				ALWAYS_SEARCH_USER_PATHS = NO;
				CLANG_ANALYZER_NONNULL = YES;
				CLANG_ANALYZER_NUMBER_OBJECT_CONVERSION = YES_AGGRESSIVE;
				CLANG_CXX_LANGUAGE_STANDARD = "gnu++14";
				CLANG_CXX_LIBRARY = "libc++";
				CLANG_ENABLE_MODULES = YES;
				CLANG_ENABLE_OBJC_ARC = YES;
				CLANG_WARN_BLOCK_CAPTURE_AUTORELEASING = YES;
				CLANG_WARN_BOOL_CONVERSION = YES;
				CLANG_WARN_COMMA = YES;
				CLANG_WARN_CONSTANT_CONVERSION = YES;
				CLANG_WARN_DIRECT_OBJC_ISA_USAGE = YES_ERROR;
				CLANG_WARN_DOCUMENTATION_COMMENTS = YES;
				CLANG_WARN_EMPTY_BODY = YES;
				CLANG_WARN_ENUM_CONVERSION = YES;
				CLANG_WARN_INFINITE_RECURSION = YES;
				CLANG_WARN_INT_CONVERSION = YES;
				CLANG_WARN_NON_LITERAL_NULL_CONVERSION = YES;
				CLANG_WARN_OBJC_LITERAL_CONVERSION = YES;
				CLANG_WARN_OBJC_ROOT_CLASS = YES_ERROR;
				CLANG_WARN_RANGE_LOOP_ANALYSIS = YES;
				CLANG_WARN_STRICT_PROTOTYPES = YES;
				CLANG_WARN_SUSPICIOUS_MOVE = YES;
				CLANG_WARN_UNGUARDED_AVAILABILITY = YES_AGGRESSIVE;
				CLANG_WARN_UNREACHABLE_CODE = YES;
				CLANG_WARN__DUPLICATE_METHOD_MATCH = YES;
				CODE_SIGN_IDENTITY = "iPhone Developer";
				COPY_PHASE_STRIP = NO;
				DEBUG_INFORMATION_FORMAT = "dwarf-with-dsym";
				ENABLE_NS_ASSERTIONS = NO;
				ENABLE_STRICT_OBJC_MSGSEND = YES;
				GCC_C_LANGUAGE_STANDARD = gnu11;
				GCC_NO_COMMON_BLOCKS = YES;
				GCC_WARN_64_TO_32_BIT_CONVERSION = YES;
				GCC_WARN_ABOUT_RETURN_TYPE = YES_ERROR;
				GCC_WARN_UNDECLARED_SELECTOR = YES;
				GCC_WARN_UNINITIALIZED_AUTOS = YES_AGGRESSIVE;
				GCC_WARN_UNUSED_FUNCTION = YES;
				GCC_WARN_UNUSED_VARIABLE = YES;
				IPHONEOS_DEPLOYMENT_TARGET = 11.1;
				MTL_ENABLE_DEBUG_INFO = NO;
				SDKROOT = iphoneos;
				SWIFT_OPTIMIZATION_LEVEL = "-Owholemodule";
				VALIDATE_PRODUCT = YES;
			};
			name = Release;
		};
		488D91A41FE3FF26001989E1 /* Debug */ = {
			isa = XCBuildConfiguration;
			baseConfigurationReference = A0A68D413CD5575A46A32AA1 /* Pods-demo.debug.xcconfig */;
			buildSettings = {
				ASSETCATALOG_COMPILER_APPICON_NAME = AppIcon;
				CODE_SIGN_STYLE = Automatic;
				INFOPLIST_FILE = demo/Info.plist;
				LD_RUNPATH_SEARCH_PATHS = "$(inherited) @executable_path/Frameworks";
				PRODUCT_BUNDLE_IDENTIFIER = com.sheng00.demo;
				PRODUCT_NAME = "$(TARGET_NAME)";
				SWIFT_VERSION = 4.0;
				TARGETED_DEVICE_FAMILY = "1,2";
			};
			name = Debug;
		};
		488D91A51FE3FF26001989E1 /* Release */ = {
			isa = XCBuildConfiguration;
			baseConfigurationReference = B3DC4E51B73FEE1123560BFE /* Pods-demo.release.xcconfig */;
			buildSettings = {
				ASSETCATALOG_COMPILER_APPICON_NAME = AppIcon;
				CODE_SIGN_STYLE = Automatic;
				INFOPLIST_FILE = demo/Info.plist;
				LD_RUNPATH_SEARCH_PATHS = "$(inherited) @executable_path/Frameworks";
				PRODUCT_BUNDLE_IDENTIFIER = com.sheng00.demo;
				PRODUCT_NAME = "$(TARGET_NAME)";
				SWIFT_VERSION = 4.0;
				TARGETED_DEVICE_FAMILY = "1,2";
			};
			name = Release;
		};
		488D91A71FE3FF26001989E1 /* Debug */ = {
			isa = XCBuildConfiguration;
			baseConfigurationReference = 8330A8214E7D58E6D8CF5F29 /* Pods-demoTests.debug.xcconfig */;
			buildSettings = {
				ALWAYS_EMBED_SWIFT_STANDARD_LIBRARIES = YES;
				BUNDLE_LOADER = "$(TEST_HOST)";
				CODE_SIGN_STYLE = Automatic;
				INFOPLIST_FILE = demoTests/Info.plist;
				LD_RUNPATH_SEARCH_PATHS = "$(inherited) @executable_path/Frameworks @loader_path/Frameworks";
				PRODUCT_BUNDLE_IDENTIFIER = com.sheng00.demoTests;
				PRODUCT_NAME = "$(TARGET_NAME)";
				SWIFT_VERSION = 4.0;
				TARGETED_DEVICE_FAMILY = "1,2";
				TEST_HOST = "$(BUILT_PRODUCTS_DIR)/demo.app/demo";
			};
			name = Debug;
		};
		488D91A81FE3FF26001989E1 /* Release */ = {
			isa = XCBuildConfiguration;
			baseConfigurationReference = 6FB8074BD0E189997FF3CB51 /* Pods-demoTests.release.xcconfig */;
			buildSettings = {
				ALWAYS_EMBED_SWIFT_STANDARD_LIBRARIES = YES;
				BUNDLE_LOADER = "$(TEST_HOST)";
				CODE_SIGN_STYLE = Automatic;
				INFOPLIST_FILE = demoTests/Info.plist;
				LD_RUNPATH_SEARCH_PATHS = "$(inherited) @executable_path/Frameworks @loader_path/Frameworks";
				PRODUCT_BUNDLE_IDENTIFIER = com.sheng00.demoTests;
				PRODUCT_NAME = "$(TARGET_NAME)";
				SWIFT_VERSION = 4.0;
				TARGETED_DEVICE_FAMILY = "1,2";
				TEST_HOST = "$(BUILT_PRODUCTS_DIR)/demo.app/demo";
			};
			name = Release;
		};
		488D91AA1FE3FF26001989E1 /* Debug */ = {
			isa = XCBuildConfiguration;
			baseConfigurationReference = 9B25AB871788D109B54F44E7 /* Pods-demoUITests.debug.xcconfig */;
			buildSettings = {
				ALWAYS_EMBED_SWIFT_STANDARD_LIBRARIES = YES;
				CODE_SIGN_STYLE = Automatic;
				INFOPLIST_FILE = demoUITests/Info.plist;
				LD_RUNPATH_SEARCH_PATHS = "$(inherited) @executable_path/Frameworks @loader_path/Frameworks";
				PRODUCT_BUNDLE_IDENTIFIER = com.sheng00.demoUITests;
				PRODUCT_NAME = "$(TARGET_NAME)";
				SWIFT_VERSION = 4.0;
				TARGETED_DEVICE_FAMILY = "1,2";
				TEST_TARGET_NAME = demo;
			};
			name = Debug;
		};
		488D91AB1FE3FF26001989E1 /* Release */ = {
			isa = XCBuildConfiguration;
			baseConfigurationReference = A8589491146A4F3F267CE5CE /* Pods-demoUITests.release.xcconfig */;
			buildSettings = {
				ALWAYS_EMBED_SWIFT_STANDARD_LIBRARIES = YES;
				CODE_SIGN_STYLE = Automatic;
				INFOPLIST_FILE = demoUITests/Info.plist;
				LD_RUNPATH_SEARCH_PATHS = "$(inherited) @executable_path/Frameworks @loader_path/Frameworks";
				PRODUCT_BUNDLE_IDENTIFIER = com.sheng00.demoUITests;
				PRODUCT_NAME = "$(TARGET_NAME)";
				SWIFT_VERSION = 4.0;
				TARGETED_DEVICE_FAMILY = "1,2";
				TEST_TARGET_NAME = demo;
			};
			name = Release;
		};
/* End XCBuildConfiguration section */

/* Begin XCConfigurationList section */
		488D91741FE3FF26001989E1 /* Build configuration list for PBXProject "demo" */ = {
			isa = XCConfigurationList;
			buildConfigurations = (
				488D91A11FE3FF26001989E1 /* Debug */,
				488D91A21FE3FF26001989E1 /* Release */,
			);
			defaultConfigurationIsVisible = 0;
			defaultConfigurationName = Release;
		};
		488D91A31FE3FF26001989E1 /* Build configuration list for PBXNativeTarget "demo" */ = {
			isa = XCConfigurationList;
			buildConfigurations = (
				488D91A41FE3FF26001989E1 /* Debug */,
				488D91A51FE3FF26001989E1 /* Release */,
			);
			defaultConfigurationIsVisible = 0;
			defaultConfigurationName = Release;
		};
		488D91A61FE3FF26001989E1 /* Build configuration list for PBXNativeTarget "demoTests" */ = {
			isa = XCConfigurationList;
			buildConfigurations = (
				488D91A71FE3FF26001989E1 /* Debug */,
				488D91A81FE3FF26001989E1 /* Release */,
			);
			defaultConfigurationIsVisible = 0;
			defaultConfigurationName = Release;
		};
		488D91A91FE3FF26001989E1 /* Build configuration list for PBXNativeTarget "demoUITests" */ = {
			isa = XCConfigurationList;
			buildConfigurations = (
				488D91AA1FE3FF26001989E1 /* Debug */,
				488D91AB1FE3FF26001989E1 /* Release */,
			);
			defaultConfigurationIsVisible = 0;
			defaultConfigurationName = Release;
		};
/* End XCConfigurationList section */
	};
	rootObject = 488D91711FE3FF26001989E1 /* Project object */;
}
